
Microsoft Visual Studio Solution File, Format Version 12.00
# Visual Studio Version 16
VisualStudioVersion = 16.0.30320.27
MinimumVisualStudioVersion = 10.0.40219.1
Project("{FAE04EC0-301F-11D3-BF4B-00C04F79EFBC}") = "BlazorServerLASViewer", "BlazorServerLASViewer\BlazorServerLASViewer.csproj", "{0003F650-ABD0-4DB4-9F9C-E4FC13F5254C}"
EndProject
Global
	GlobalSection(SolutionConfigurationPlatforms) = preSolution
		Debug|Any CPU = Debug|Any CPU
		Release|Any CPU = Release|Any CPU
	EndGlobalSection
	GlobalSection(ProjectConfigurationPlatforms) = postSolution
		{0003F650-ABD0-4DB4-9F9C-E4FC13F5254C}.Debug|Any CPU.ActiveCfg = Debug|Any CPU
		{0003F650-ABD0-4DB4-9F9C-E4FC13F5254C}.Debug|Any CPU.Build.0 = Debug|Any CPU
		{0003F650-ABD0-4DB4-9F9C-E4FC13F5254C}.Release|Any CPU.ActiveCfg = Release|Any CPU
		{0003F650-ABD0-4DB4-9F9C-E4FC13F5254C}.Release|Any CPU.Build.0 = Release|Any CPU
	EndGlobalSection
	GlobalSection(SolutionProperties) = preSolution
		HideSolutionNode = FALSE
	EndGlobalSection
	GlobalSection(ExtensibilityGlobals) = postSolution
		SolutionGuid = {B5F0362A-F5D7-4266-8D5A-5E86243F409A}
	EndGlobalSection
EndGlobal
